{
    "version": 3,
    "terraform_version": "0.11.13",
    "serial": 24,
    "lineage": "98a2b07b-419b-6d35-45d3-1c2b55132430",
    "modules": [
        {
            "path": [
                "root"
            ],
            "outputs": {},
            "resources": {
                "aws_instance.centos_6": {
                    "type": "aws_instance",
                    "depends_on": [
                        "aws_key_pair.niwc-cyber",
                        "aws_subnet.private"
                    ],
                    "primary": {
                        "id": "i-0c232560a764deba9",
                        "attributes": {
                            "ami": "ami-014b38e758721be30",
                            "associate_public_ip_address": "false",
                            "availability_zone": "us-east-1b",
                            "cpu_core_count": "1",
                            "cpu_threads_per_core": "1",
                            "ebs_block_device.#": "0",
                            "ebs_optimized": "false",
                            "ephemeral_block_device.#": "0",
                            "get_password_data": "false",
                            "iam_instance_profile": "",
                            "id": "i-0c232560a764deba9",
                            "instance_state": "running",
                            "instance_type": "t2.micro",
                            "ipv6_addresses.#": "0",
                            "key_name": "niwc-cyber",
                            "monitoring": "false",
                            "network_interface.#": "0",
                            "placement_group": "",
                            "primary_network_interface_id": "eni-0c6e4763d486f2c9d",
                            "private_dns": "ip-10-0-2-210.ec2.internal",
                            "private_ip": "10.0.2.210",
                            "public_dns": "",
                            "public_ip": "",
                            "security_groups.#": "0",
                            "source_dest_check": "true",
                            "subnet_id": "subnet-0e0f4edba6bd84425",
                            "tags.%": "1",
                            "tags.Name": "CentOS 6",
                            "tenancy": "default",
                            "volume_tags.%": "0",
                            "vpc_security_group_ids.#": "1",
                            "vpc_security_group_ids.3331760575": "sg-049e918a8c25d047f"
                        },
                        "meta": {
                            "e2bfb730-ecaa-11e6-8f88-34363bc7c4c0": {
                                "create": 600000000000,
                                "delete": 1200000000000,
                                "update": 600000000000
                            },
                            "schema_version": "1"
                        },
                        "tainted": false
                    },
                    "deposed": [],
                    "provider": "provider.aws"
                },
                "aws_instance.centos_7": {
                    "type": "aws_instance",
                    "depends_on": [
                        "aws_key_pair.niwc-cyber",
                        "aws_subnet.private"
                    ],
                    "primary": {
                        "id": "i-0e2bb54f4be6d2749",
                        "attributes": {
                            "ami": "ami-02eac2c0129f6376b",
                            "associate_public_ip_address": "false",
                            "availability_zone": "us-east-1b",
                            "cpu_core_count": "1",
                            "cpu_threads_per_core": "1",
                            "ebs_block_device.#": "0",
                            "ebs_optimized": "false",
                            "ephemeral_block_device.#": "0",
                            "get_password_data": "false",
                            "iam_instance_profile": "",
                            "id": "i-0e2bb54f4be6d2749",
                            "instance_state": "running",
                            "instance_type": "t2.micro",
                            "ipv6_addresses.#": "0",
                            "key_name": "niwc-cyber",
                            "monitoring": "false",
                            "network_interface.#": "0",
                            "placement_group": "",
                            "primary_network_interface_id": "eni-0e970502d776fc7ae",
                            "private_dns": "ip-10-0-2-28.ec2.internal",
                            "private_ip": "10.0.2.28",
                            "public_dns": "",
                            "public_ip": "",
                            "security_groups.#": "0",
                            "source_dest_check": "true",
                            "subnet_id": "subnet-0e0f4edba6bd84425",
                            "tags.%": "1",
                            "tags.Name": "CentOS 7",
                            "tenancy": "default",
                            "volume_tags.%": "0",
                            "vpc_security_group_ids.#": "1",
                            "vpc_security_group_ids.3331760575": "sg-049e918a8c25d047f"
                        },
                        "meta": {
                            "e2bfb730-ecaa-11e6-8f88-34363bc7c4c0": {
                                "create": 600000000000,
                                "delete": 1200000000000,
                                "update": 600000000000
                            },
                            "schema_version": "1"
                        },
                        "tainted": false
                    },
                    "deposed": [],
                    "provider": "provider.aws"
                },
                "aws_instance.master": {
                    "type": "aws_instance",
                    "depends_on": [
                        "aws_key_pair.niwc-cyber",
                        "aws_security_group.niwc-master",
                        "aws_subnet.public"
                    ],
                    "primary": {
                        "id": "i-0c0abe10aa4704f0e",
                        "attributes": {
                            "ami": "ami-2051294a",
                            "associate_public_ip_address": "true",
                            "availability_zone": "us-east-1a",
                            "cpu_core_count": "2",
                            "cpu_threads_per_core": "1",
                            "ebs_block_device.#": "0",
                            "ebs_optimized": "false",
                            "ephemeral_block_device.#": "0",
                            "get_password_data": "false",
                            "iam_instance_profile": "",
                            "id": "i-0c0abe10aa4704f0e",
                            "instance_state": "running",
                            "instance_type": "t2.large",
                            "ipv6_addresses.#": "0",
                            "key_name": "niwc-cyber",
                            "monitoring": "false",
                            "network_interface.#": "0",
                            "placement_group": "",
                            "primary_network_interface_id": "eni-0222283508ed4dffe",
                            "private_dns": "ip-10-0-1-20.ec2.internal",
                            "private_ip": "10.0.1.20",
                            "public_dns": "ec2-34-227-72-163.compute-1.amazonaws.com",
                            "public_ip": "34.227.72.163",
                            "security_groups.#": "0",
                            "source_dest_check": "true",
                            "subnet_id": "subnet-064bc0b49ba4b1f32",
                            "tags.%": "1",
                            "tags.Name": "Master",
                            "tenancy": "default",
                            "vpc_security_group_ids.#": "1",
                            "vpc_security_group_ids.1098707674": "sg-0f95c57d54988613f"
                        },
                        "meta": {
                            "e2bfb730-ecaa-11e6-8f88-34363bc7c4c0": {
                                "create": 600000000000,
                                "delete": 1200000000000,
                                "update": 600000000000
                            },
                            "schema_version": "1"
                        },
                        "tainted": false
                    },
                    "deposed": [],
                    "provider": "provider.aws"
                },
                "aws_instance.rhel_72": {
                    "type": "aws_instance",
                    "depends_on": [
                        "aws_key_pair.niwc-cyber",
                        "aws_subnet.private"
                    ],
                    "primary": {
                        "id": "i-06ae6063541c135b4",
                        "attributes": {
                            "ami": "ami-2051294a",
                            "arn": "arn:aws:ec2:us-east-1:125724823277:instance/i-06ae6063541c135b4",
                            "associate_public_ip_address": "false",
                            "availability_zone": "us-east-1b",
                            "cpu_core_count": "1",
                            "cpu_threads_per_core": "1",
                            "credit_specification.#": "1",
                            "credit_specification.0.cpu_credits": "standard",
                            "disable_api_termination": "false",
                            "ebs_block_device.#": "0",
                            "ebs_optimized": "false",
                            "ephemeral_block_device.#": "0",
                            "get_password_data": "false",
                            "iam_instance_profile": "",
                            "id": "i-06ae6063541c135b4",
                            "instance_state": "running",
                            "instance_type": "t2.micro",
                            "ipv6_addresses.#": "0",
                            "key_name": "niwc-cyber",
                            "monitoring": "false",
                            "network_interface.#": "0",
                            "password_data": "",
                            "placement_group": "",
                            "primary_network_interface_id": "eni-03616ae6942353e0d",
                            "private_dns": "ip-10-0-2-33.ec2.internal",
                            "private_ip": "10.0.2.33",
                            "public_dns": "",
                            "public_ip": "",
                            "root_block_device.#": "1",
                            "root_block_device.0.delete_on_termination": "true",
                            "root_block_device.0.iops": "100",
                            "root_block_device.0.volume_id": "vol-0109f810726db2c05",
                            "root_block_device.0.volume_size": "10",
                            "root_block_device.0.volume_type": "gp2",
                            "security_groups.#": "0",
                            "source_dest_check": "true",
                            "subnet_id": "subnet-0e0f4edba6bd84425",
                            "tags.%": "1",
                            "tags.Name": "RHEL 7.2",
                            "tenancy": "default",
                            "volume_tags.%": "0",
                            "vpc_security_group_ids.#": "1",
                            "vpc_security_group_ids.3331760575": "sg-049e918a8c25d047f"
                        },
                        "meta": {
                            "e2bfb730-ecaa-11e6-8f88-34363bc7c4c0": {
                                "create": 600000000000,
                                "delete": 1200000000000,
                                "update": 600000000000
                            },
                            "schema_version": "1"
                        },
                        "tainted": false
                    },
                    "deposed": [],
                    "provider": "provider.aws"
                },
                "aws_instance.suse_15": {
                    "type": "aws_instance",
                    "depends_on": [
                        "aws_key_pair.niwc-cyber",
                        "aws_subnet.private"
                    ],
                    "primary": {
                        "id": "i-032a48e1012ef414a",
                        "attributes": {
                            "ami": "ami-06ea7729e394412c8",
                            "associate_public_ip_address": "false",
                            "availability_zone": "us-east-1b",
                            "cpu_core_count": "1",
                            "cpu_threads_per_core": "1",
                            "ebs_block_device.#": "0",
                            "ebs_optimized": "false",
                            "ephemeral_block_device.#": "0",
                            "get_password_data": "false",
                            "iam_instance_profile": "",
                            "id": "i-032a48e1012ef414a",
                            "instance_state": "running",
                            "instance_type": "t2.micro",
                            "ipv6_addresses.#": "0",
                            "key_name": "niwc-cyber",
                            "monitoring": "false",
                            "network_interface.#": "0",
                            "placement_group": "",
                            "primary_network_interface_id": "eni-08a509dde49c1f354",
                            "private_dns": "ip-10-0-2-197.ec2.internal",
                            "private_ip": "10.0.2.197",
                            "public_dns": "",
                            "public_ip": "",
                            "security_groups.#": "0",
                            "source_dest_check": "true",
                            "subnet_id": "subnet-0e0f4edba6bd84425",
                            "tags.%": "1",
                            "tags.Name": "SUSE 15",
                            "tenancy": "default",
                            "vpc_security_group_ids.#": "0"
                        },
                        "meta": {
                            "e2bfb730-ecaa-11e6-8f88-34363bc7c4c0": {
                                "create": 600000000000,
                                "delete": 1200000000000,
                                "update": 600000000000
                            },
                            "schema_version": "1"
                        },
                        "tainted": false
                    },
                    "deposed": [],
                    "provider": "provider.aws"
                },
                "aws_instance.ubuntu_16": {
                    "type": "aws_instance",
                    "depends_on": [
                        "aws_key_pair.niwc-cyber",
                        "aws_subnet.private"
                    ],
                    "primary": {
                        "id": "i-0ba419f157f518147",
                        "attributes": {
                            "ami": "ami-0565af6e282977273",
                            "associate_public_ip_address": "false",
                            "availability_zone": "us-east-1b",
                            "cpu_core_count": "1",
                            "cpu_threads_per_core": "1",
                            "ebs_block_device.#": "0",
                            "ebs_optimized": "false",
                            "ephemeral_block_device.#": "0",
                            "get_password_data": "false",
                            "iam_instance_profile": "",
                            "id": "i-0ba419f157f518147",
                            "instance_state": "running",
                            "instance_type": "t2.micro",
                            "ipv6_addresses.#": "0",
                            "key_name": "niwc-cyber",
                            "monitoring": "false",
                            "network_interface.#": "0",
                            "placement_group": "",
                            "primary_network_interface_id": "eni-0ba53809473b8fb3a",
                            "private_dns": "ip-10-0-2-239.ec2.internal",
                            "private_ip": "10.0.2.239",
                            "public_dns": "",
                            "public_ip": "",
                            "security_groups.#": "0",
                            "source_dest_check": "true",
                            "subnet_id": "subnet-0e0f4edba6bd84425",
                            "tags.%": "1",
                            "tags.Name": "Ubuntu 16",
                            "tenancy": "default",
                            "vpc_security_group_ids.#": "0"
                        },
                        "meta": {
                            "e2bfb730-ecaa-11e6-8f88-34363bc7c4c0": {
                                "create": 600000000000,
                                "delete": 1200000000000,
                                "update": 600000000000
                            },
                            "schema_version": "1"
                        },
                        "tainted": false
                    },
                    "deposed": [],
                    "provider": "provider.aws"
                },
                "aws_instance.ubuntu_18": {
                    "type": "aws_instance",
                    "depends_on": [
                        "aws_key_pair.niwc-cyber",
                        "aws_subnet.private"
                    ],
                    "primary": {
                        "id": "i-0a22c8c415132e489",
                        "attributes": {
                            "ami": "ami-0a313d6098716f372",
                            "arn": "arn:aws:ec2:us-east-1:125724823277:instance/i-0a22c8c415132e489",
                            "associate_public_ip_address": "false",
                            "availability_zone": "us-east-1b",
                            "cpu_core_count": "1",
                            "cpu_threads_per_core": "1",
                            "credit_specification.#": "1",
                            "credit_specification.0.cpu_credits": "standard",
                            "disable_api_termination": "false",
                            "ebs_block_device.#": "0",
                            "ebs_optimized": "false",
                            "ephemeral_block_device.#": "0",
                            "get_password_data": "false",
                            "iam_instance_profile": "",
                            "id": "i-0a22c8c415132e489",
                            "instance_state": "running",
                            "instance_type": "t2.micro",
                            "ipv6_addresses.#": "0",
                            "key_name": "niwc-cyber",
                            "monitoring": "false",
                            "network_interface.#": "0",
                            "password_data": "",
                            "placement_group": "",
                            "primary_network_interface_id": "eni-03aa6fcdde79481b4",
                            "private_dns": "ip-10-0-2-148.ec2.internal",
                            "private_ip": "10.0.2.148",
                            "public_dns": "",
                            "public_ip": "",
                            "root_block_device.#": "1",
                            "root_block_device.0.delete_on_termination": "true",
                            "root_block_device.0.iops": "100",
                            "root_block_device.0.volume_id": "vol-01ffe80bd2b157243",
                            "root_block_device.0.volume_size": "8",
                            "root_block_device.0.volume_type": "gp2",
                            "security_groups.#": "0",
                            "source_dest_check": "true",
                            "subnet_id": "subnet-0e0f4edba6bd84425",
                            "tags.%": "1",
                            "tags.Name": "Ubuntu 18",
                            "tenancy": "default",
                            "volume_tags.%": "0",
                            "vpc_security_group_ids.#": "1",
                            "vpc_security_group_ids.3331760575": "sg-049e918a8c25d047f"
                        },
                        "meta": {
                            "e2bfb730-ecaa-11e6-8f88-34363bc7c4c0": {
                                "create": 600000000000,
                                "delete": 1200000000000,
                                "update": 600000000000
                            },
                            "schema_version": "1"
                        },
                        "tainted": false
                    },
                    "deposed": [],
                    "provider": "provider.aws"
                },
                "aws_instance.windows_2012": {
                    "type": "aws_instance",
                    "depends_on": [
                        "aws_key_pair.niwc-cyber",
                        "aws_subnet.private"
                    ],
                    "primary": {
                        "id": "i-00c94d79a370fa5e5",
                        "attributes": {
                            "ami": "ami-066663db63b3aa675",
                            "associate_public_ip_address": "false",
                            "availability_zone": "us-east-1b",
                            "cpu_core_count": "1",
                            "cpu_threads_per_core": "1",
                            "ebs_block_device.#": "0",
                            "ebs_optimized": "false",
                            "ephemeral_block_device.#": "0",
                            "get_password_data": "false",
                            "iam_instance_profile": "",
                            "id": "i-00c94d79a370fa5e5",
                            "instance_state": "running",
                            "instance_type": "t2.micro",
                            "ipv6_addresses.#": "0",
                            "key_name": "niwc-cyber",
                            "monitoring": "false",
                            "network_interface.#": "0",
                            "placement_group": "",
                            "primary_network_interface_id": "eni-0a0c755156fe1c25c",
                            "private_dns": "ip-10-0-2-235.ec2.internal",
                            "private_ip": "10.0.2.235",
                            "public_dns": "",
                            "public_ip": "",
                            "security_groups.#": "0",
                            "source_dest_check": "true",
                            "subnet_id": "subnet-0e0f4edba6bd84425",
                            "tags.%": "1",
                            "tags.Name": "Windows 2012",
                            "tenancy": "default",
                            "volume_tags.%": "0",
                            "vpc_security_group_ids.#": "1",
                            "vpc_security_group_ids.3331760575": "sg-049e918a8c25d047f"
                        },
                        "meta": {
                            "e2bfb730-ecaa-11e6-8f88-34363bc7c4c0": {
                                "create": 600000000000,
                                "delete": 1200000000000,
                                "update": 600000000000
                            },
                            "schema_version": "1"
                        },
                        "tainted": false
                    },
                    "deposed": [],
                    "provider": "provider.aws"
                },
                "aws_instance.windows_2016": {
                    "type": "aws_instance",
                    "depends_on": [
                        "aws_key_pair.niwc-cyber",
                        "aws_subnet.private"
                    ],
                    "primary": {
                        "id": "i-0636d0a0a045755a3",
                        "attributes": {
                            "ami": "ami-0bf148826ef491d16",
                            "arn": "arn:aws:ec2:us-east-1:125724823277:instance/i-0636d0a0a045755a3",
                            "associate_public_ip_address": "false",
                            "availability_zone": "us-east-1b",
                            "cpu_core_count": "1",
                            "cpu_threads_per_core": "1",
                            "credit_specification.#": "1",
                            "credit_specification.0.cpu_credits": "standard",
                            "disable_api_termination": "false",
                            "ebs_block_device.#": "0",
                            "ebs_optimized": "false",
                            "ephemeral_block_device.#": "0",
                            "get_password_data": "false",
                            "iam_instance_profile": "",
                            "id": "i-0636d0a0a045755a3",
                            "instance_state": "running",
                            "instance_type": "t2.micro",
                            "ipv6_addresses.#": "0",
                            "key_name": "niwc-cyber",
                            "monitoring": "false",
                            "network_interface.#": "0",
                            "password_data": "",
                            "placement_group": "",
                            "primary_network_interface_id": "eni-0366c87adf4e97c17",
                            "private_dns": "ip-10-0-2-244.ec2.internal",
                            "private_ip": "10.0.2.244",
                            "public_dns": "",
                            "public_ip": "",
                            "root_block_device.#": "1",
                            "root_block_device.0.delete_on_termination": "true",
                            "root_block_device.0.iops": "100",
                            "root_block_device.0.volume_id": "vol-0d3d28de4525c0e95",
                            "root_block_device.0.volume_size": "30",
                            "root_block_device.0.volume_type": "gp2",
                            "security_groups.#": "0",
                            "source_dest_check": "true",
                            "subnet_id": "subnet-0e0f4edba6bd84425",
                            "tags.%": "1",
                            "tags.Name": "Windows 2016",
                            "tenancy": "default",
                            "volume_tags.%": "0",
                            "vpc_security_group_ids.#": "1",
                            "vpc_security_group_ids.3331760575": "sg-049e918a8c25d047f"
                        },
                        "meta": {
                            "e2bfb730-ecaa-11e6-8f88-34363bc7c4c0": {
                                "create": 600000000000,
                                "delete": 1200000000000,
                                "update": 600000000000
                            },
                            "schema_version": "1"
                        },
                        "tainted": false
                    },
                    "deposed": [],
                    "provider": "provider.aws"
                },
                "aws_instance.windows_2019": {
                    "type": "aws_instance",
                    "depends_on": [
                        "aws_key_pair.niwc-cyber",
                        "aws_subnet.private"
                    ],
                    "primary": {
                        "id": "i-04a2bef2911633497",
                        "attributes": {
                            "ami": "ami-02d43577e47e684d9",
                            "associate_public_ip_address": "false",
                            "availability_zone": "us-east-1b",
                            "cpu_core_count": "1",
                            "cpu_threads_per_core": "1",
                            "ebs_block_device.#": "0",
                            "ebs_optimized": "false",
                            "ephemeral_block_device.#": "0",
                            "get_password_data": "false",
                            "iam_instance_profile": "",
                            "id": "i-04a2bef2911633497",
                            "instance_state": "running",
                            "instance_type": "t2.micro",
                            "ipv6_addresses.#": "0",
                            "key_name": "niwc-cyber",
                            "monitoring": "false",
                            "network_interface.#": "0",
                            "placement_group": "",
                            "primary_network_interface_id": "eni-0bdb2371fcbb096d1",
                            "private_dns": "ip-10-0-2-44.ec2.internal",
                            "private_ip": "10.0.2.44",
                            "public_dns": "",
                            "public_ip": "",
                            "security_groups.#": "0",
                            "source_dest_check": "true",
                            "subnet_id": "subnet-0e0f4edba6bd84425",
                            "tags.%": "1",
                            "tags.Name": "Windows 2019",
                            "tenancy": "default",
                            "volume_tags.%": "0",
                            "vpc_security_group_ids.#": "1",
                            "vpc_security_group_ids.3331760575": "sg-049e918a8c25d047f"
                        },
                        "meta": {
                            "e2bfb730-ecaa-11e6-8f88-34363bc7c4c0": {
                                "create": 600000000000,
                                "delete": 1200000000000,
                                "update": 600000000000
                            },
                            "schema_version": "1"
                        },
                        "tainted": false
                    },
                    "deposed": [],
                    "provider": "provider.aws"
                },
                "aws_internet_gateway.gw": {
                    "type": "aws_internet_gateway",
                    "depends_on": [
                        "aws_vpc.default"
                    ],
                    "primary": {
                        "id": "igw-046b3b3bb7bc1b814",
                        "attributes": {
                            "id": "igw-046b3b3bb7bc1b814",
                            "owner_id": "125724823277",
                            "tags.%": "1",
                            "tags.Name": "VPC IGW",
                            "vpc_id": "vpc-0b70f3f071dbee4ae"
                        },
                        "meta": {},
                        "tainted": false
                    },
                    "deposed": [],
                    "provider": "provider.aws"
                },
                "aws_key_pair.niwc-cyber": {
                    "type": "aws_key_pair",
                    "depends_on": [],
                    "primary": {
                        "id": "niwc-cyber",
                        "attributes": {
                            "fingerprint": "3a:c3:73:47:ab:3c:cc:44:66:fc:8d:f8:bb:53:45:c3",
                            "id": "niwc-cyber",
                            "key_name": "niwc-cyber",
                            "public_key": "ssh-rsa AAAAB3NzaC1yc2EAAAADAQABAAABAQCm5Dwy/lMx5O2hTYBOQ/vB5dQ6/atC2EfuE2ZfSt+8nAadycjty0l+R7dathi69J/cPhjEE52DE6uieQFti3wt1nHkuzHp9X1Xf4rAWHVhguIs8V6iVvSoh/CYaCfLpl/+6FbeBddfpFxoEBMeTakeluRhQBay0Sm1Y6oRvNbMlAQyvTtnSClZoyw9RuH4SEHDkZuQitfGY3aS0SZeHkjPLMPzhnt0e971apbjAEU2o/vuXL/fhg1Pv6mWgi20p5zweH+6gCjbZItQaARrMKwKKrzkB5kZVfCpxs78+JZfDFj2FzEF3nhCMWCvKPXQuwV5L0EXottrvuSx8ifu3f0D"
                        },
                        "meta": {
                            "schema_version": "1"
                        },
                        "tainted": false
                    },
                    "deposed": [],
                    "provider": "provider.aws"
                },
                "aws_route_table.public-rt": {
                    "type": "aws_route_table",
                    "depends_on": [
                        "aws_internet_gateway.gw",
                        "aws_vpc.default"
                    ],
                    "primary": {
                        "id": "rtb-04083e019a6c49c33",
                        "attributes": {
                            "id": "rtb-04083e019a6c49c33",
                            "owner_id": "125724823277",
                            "propagating_vgws.#": "0",
                            "route.#": "1",
                            "route.2104820298.cidr_block": "0.0.0.0/0",
                            "route.2104820298.egress_only_gateway_id": "",
                            "route.2104820298.gateway_id": "igw-046b3b3bb7bc1b814",
                            "route.2104820298.instance_id": "",
                            "route.2104820298.ipv6_cidr_block": "",
                            "route.2104820298.nat_gateway_id": "",
                            "route.2104820298.network_interface_id": "",
                            "route.2104820298.transit_gateway_id": "",
                            "route.2104820298.vpc_peering_connection_id": "",
                            "tags.%": "1",
                            "tags.Name": "Public Subnet RT",
                            "vpc_id": "vpc-0b70f3f071dbee4ae"
                        },
                        "meta": {},
                        "tainted": false
                    },
                    "deposed": [],
                    "provider": "provider.aws"
                },
                "aws_route_table_association.public-rt": {
                    "type": "aws_route_table_association",
                    "depends_on": [
                        "aws_route_table.public-rt",
                        "aws_subnet.public"
                    ],
                    "primary": {
                        "id": "rtbassoc-0866948bbd3161974",
                        "attributes": {
                            "id": "rtbassoc-0866948bbd3161974",
                            "route_table_id": "rtb-04083e019a6c49c33",
                            "subnet_id": "subnet-064bc0b49ba4b1f32"
                        },
                        "meta": {},
                        "tainted": false
                    },
                    "deposed": [],
                    "provider": "provider.aws"
                },
                "aws_security_group.niwc-master": {
                    "type": "aws_security_group",
                    "depends_on": [
                        "aws_vpc.default"
                    ],
                    "primary": {
                        "id": "sg-0f95c57d54988613f",
                        "attributes": {
                            "arn": "arn:aws:ec2:us-east-1:125724823277:security-group/sg-0f95c57d54988613f",
                            "description": "Allow incoming HTTP connections \u0026 SSH access",
                            "egress.#": "0",
                            "id": "sg-0f95c57d54988613f",
                            "ingress.#": "4",
                            "ingress.1799340084.cidr_blocks.#": "1",
                            "ingress.1799340084.cidr_blocks.0": "0.0.0.0/0",
                            "ingress.1799340084.description": "",
                            "ingress.1799340084.from_port": "-1",
                            "ingress.1799340084.ipv6_cidr_blocks.#": "0",
                            "ingress.1799340084.prefix_list_ids.#": "0",
                            "ingress.1799340084.protocol": "icmp",
                            "ingress.1799340084.security_groups.#": "0",
                            "ingress.1799340084.self": "false",
                            "ingress.1799340084.to_port": "-1",
                            "ingress.2214680975.cidr_blocks.#": "1",
                            "ingress.2214680975.cidr_blocks.0": "0.0.0.0/0",
                            "ingress.2214680975.description": "",
                            "ingress.2214680975.from_port": "80",
                            "ingress.2214680975.ipv6_cidr_blocks.#": "0",
                            "ingress.2214680975.prefix_list_ids.#": "0",
                            "ingress.2214680975.protocol": "tcp",
                            "ingress.2214680975.security_groups.#": "0",
                            "ingress.2214680975.self": "false",
                            "ingress.2214680975.to_port": "80",
                            "ingress.2541437006.cidr_blocks.#": "1",
                            "ingress.2541437006.cidr_blocks.0": "0.0.0.0/0",
                            "ingress.2541437006.description": "",
                            "ingress.2541437006.from_port": "22",
                            "ingress.2541437006.ipv6_cidr_blocks.#": "0",
                            "ingress.2541437006.prefix_list_ids.#": "0",
                            "ingress.2541437006.protocol": "tcp",
                            "ingress.2541437006.security_groups.#": "0",
                            "ingress.2541437006.self": "false",
                            "ingress.2541437006.to_port": "22",
                            "ingress.2617001939.cidr_blocks.#": "1",
                            "ingress.2617001939.cidr_blocks.0": "0.0.0.0/0",
                            "ingress.2617001939.description": "",
                            "ingress.2617001939.from_port": "443",
                            "ingress.2617001939.ipv6_cidr_blocks.#": "0",
                            "ingress.2617001939.prefix_list_ids.#": "0",
                            "ingress.2617001939.protocol": "tcp",
                            "ingress.2617001939.security_groups.#": "0",
                            "ingress.2617001939.self": "false",
                            "ingress.2617001939.to_port": "443",
                            "name": "niwc-master",
                            "owner_id": "125724823277",
                            "revoke_rules_on_delete": "false",
                            "tags.%": "1",
                            "tags.Name": "Web Server SG",
                            "vpc_id": "vpc-0b70f3f071dbee4ae"
                        },
                        "meta": {
                            "e2bfb730-ecaa-11e6-8f88-34363bc7c4c0": {
                                "create": 600000000000,
                                "delete": 600000000000
                            },
                            "schema_version": "1"
                        },
                        "tainted": false
                    },
                    "deposed": [],
                    "provider": "provider.aws"
                },
                "aws_security_group.niwc-victim": {
                    "type": "aws_security_group",
                    "depends_on": [
                        "aws_vpc.default"
                    ],
                    "primary": {
                        "id": "sg-0c2d24e66e3452370",
                        "attributes": {
                            "arn": "arn:aws:ec2:us-east-1:125724823277:security-group/sg-0c2d24e66e3452370",
                            "description": "Allow traffic from public subnet",
                            "egress.#": "0",
                            "id": "sg-0c2d24e66e3452370",
                            "ingress.#": "2",
                            "ingress.2582209309.cidr_blocks.#": "1",
                            "ingress.2582209309.cidr_blocks.0": "10.0.1.0/24",
                            "ingress.2582209309.description": "",
                            "ingress.2582209309.from_port": "-1",
                            "ingress.2582209309.ipv6_cidr_blocks.#": "0",
                            "ingress.2582209309.prefix_list_ids.#": "0",
                            "ingress.2582209309.protocol": "icmp",
                            "ingress.2582209309.security_groups.#": "0",
                            "ingress.2582209309.self": "false",
                            "ingress.2582209309.to_port": "-1",
                            "ingress.2709622021.cidr_blocks.#": "1",
                            "ingress.2709622021.cidr_blocks.0": "10.0.1.0/24",
                            "ingress.2709622021.description": "",
                            "ingress.2709622021.from_port": "22",
                            "ingress.2709622021.ipv6_cidr_blocks.#": "0",
                            "ingress.2709622021.prefix_list_ids.#": "0",
                            "ingress.2709622021.protocol": "tcp",
                            "ingress.2709622021.security_groups.#": "0",
                            "ingress.2709622021.self": "false",
                            "ingress.2709622021.to_port": "22",
                            "name": "niwc-victim",
                            "owner_id": "125724823277",
                            "revoke_rules_on_delete": "false",
                            "tags.%": "1",
                            "tags.Name": "DB SG",
                            "vpc_id": "vpc-0b70f3f071dbee4ae"
                        },
                        "meta": {
                            "e2bfb730-ecaa-11e6-8f88-34363bc7c4c0": {
                                "create": 600000000000,
                                "delete": 600000000000
                            },
                            "schema_version": "1"
                        },
                        "tainted": false
                    },
                    "deposed": [],
                    "provider": "provider.aws"
                },
                "aws_subnet.private": {
                    "type": "aws_subnet",
                    "depends_on": [
                        "aws_vpc.default"
                    ],
                    "primary": {
                        "id": "subnet-0e0f4edba6bd84425",
                        "attributes": {
                            "arn": "arn:aws:ec2:us-east-1:125724823277:subnet/subnet-0e0f4edba6bd84425",
                            "assign_ipv6_address_on_creation": "false",
                            "availability_zone": "us-east-1b",
                            "availability_zone_id": "use1-az1",
                            "cidr_block": "10.0.2.0/24",
                            "id": "subnet-0e0f4edba6bd84425",
                            "ipv6_cidr_block": "",
                            "ipv6_cidr_block_association_id": "",
                            "map_public_ip_on_launch": "false",
                            "owner_id": "125724823277",
                            "tags.%": "1",
                            "tags.Name": "Victim Subnet",
                            "vpc_id": "vpc-0b70f3f071dbee4ae"
                        },
                        "meta": {
                            "e2bfb730-ecaa-11e6-8f88-34363bc7c4c0": {
                                "create": 600000000000,
                                "delete": 600000000000
                            },
                            "schema_version": "1"
                        },
                        "tainted": false
                    },
                    "deposed": [],
                    "provider": "provider.aws"
                },
                "aws_subnet.public": {
                    "type": "aws_subnet",
                    "depends_on": [
                        "aws_vpc.default"
                    ],
                    "primary": {
                        "id": "subnet-064bc0b49ba4b1f32",
                        "attributes": {
                            "arn": "arn:aws:ec2:us-east-1:125724823277:subnet/subnet-064bc0b49ba4b1f32",
                            "assign_ipv6_address_on_creation": "false",
                            "availability_zone": "us-east-1a",
                            "availability_zone_id": "use1-az6",
                            "cidr_block": "10.0.1.0/24",
                            "id": "subnet-064bc0b49ba4b1f32",
                            "ipv6_cidr_block": "",
                            "ipv6_cidr_block_association_id": "",
                            "map_public_ip_on_launch": "false",
                            "owner_id": "125724823277",
                            "tags.%": "1",
                            "tags.Name": "Master Subnet",
                            "vpc_id": "vpc-0b70f3f071dbee4ae"
                        },
                        "meta": {
                            "e2bfb730-ecaa-11e6-8f88-34363bc7c4c0": {
                                "create": 600000000000,
                                "delete": 600000000000
                            },
                            "schema_version": "1"
                        },
                        "tainted": false
                    },
                    "deposed": [],
                    "provider": "provider.aws"
                },
                "aws_vpc.default": {
                    "type": "aws_vpc",
                    "depends_on": [],
                    "primary": {
                        "id": "vpc-0b70f3f071dbee4ae",
                        "attributes": {
                            "arn": "arn:aws:ec2:us-east-1:125724823277:vpc/vpc-0b70f3f071dbee4ae",
                            "assign_generated_ipv6_cidr_block": "false",
                            "cidr_block": "10.0.0.0/16",
                            "default_network_acl_id": "acl-0047df7ee12dd1206",
                            "default_route_table_id": "rtb-005a05a30b5aa2c0c",
                            "default_security_group_id": "sg-049e918a8c25d047f",
                            "dhcp_options_id": "dopt-07c5d965",
                            "enable_classiclink": "false",
                            "enable_classiclink_dns_support": "false",
                            "enable_dns_hostnames": "true",
                            "enable_dns_support": "true",
                            "id": "vpc-0b70f3f071dbee4ae",
                            "instance_tenancy": "default",
                            "ipv6_association_id": "",
                            "ipv6_cidr_block": "",
                            "main_route_table_id": "rtb-005a05a30b5aa2c0c",
                            "owner_id": "125724823277",
                            "tags.%": "1",
                            "tags.Name": "nwic-vpc"
                        },
                        "meta": {
                            "schema_version": "1"
                        },
                        "tainted": false
                    },
                    "deposed": [],
                    "provider": "provider.aws"
                }
            },
            "depends_on": []
        }
    ]
}
